// !$*UTF8*$!
{
	archiveVersion = 1;
	classes = {
	};
	objectVersion = 46;
	objects = {

/* Begin PBXBuildFile section */
		7D2DECDA1F923023002C3AFB /* AppDelegate.swift in Sources */ = {isa = PBXBuildFile; fileRef = 7D2DECD91F923023002C3AFB /* AppDelegate.swift */; };
		7D2DECDC1F923023002C3AFB /* ViewController.swift in Sources */ = {isa = PBXBuildFile; fileRef = 7D2DECDB1F923023002C3AFB /* ViewController.swift */; };
		7D2DECDF1F923023002C3AFB /* Main.storyboard in Resources */ = {isa = PBXBuildFile; fileRef = 7D2DECDD1F923023002C3AFB /* Main.storyboard */; };
		7D2DECE11F923023002C3AFB /* Assets.xcassets in Resources */ = {isa = PBXBuildFile; fileRef = 7D2DECE01F923023002C3AFB /* Assets.xcassets */; };
		7D2DECE41F923023002C3AFB /* LaunchScreen.storyboard in Resources */ = {isa = PBXBuildFile; fileRef = 7D2DECE21F923023002C3AFB /* LaunchScreen.storyboard */; };
		7D2DECEF1F923023002C3AFB /* tic_tac_toeTests.swift in Sources */ = {isa = PBXBuildFile; fileRef = 7D2DECEE1F923023002C3AFB /* tic_tac_toeTests.swift */; };
		7D2DECFA1F923023002C3AFB /* tic_tac_toeUITests.swift in Sources */ = {isa = PBXBuildFile; fileRef = 7D2DECF91F923023002C3AFB /* tic_tac_toeUITests.swift */; };
/* End PBXBuildFile section */

/* Begin PBXContainerItemProxy section */
		7D2DECEB1F923023002C3AFB /* PBXContainerItemProxy */ = {
			isa = PBXContainerItemProxy;
			containerPortal = 7D2DECCE1F923023002C3AFB /* Project object */;
			proxyType = 1;
			remoteGlobalIDString = 7D2DECD51F923023002C3AFB;
			remoteInfo = "tic tac toe";
		};
		7D2DECF61F923023002C3AFB /* PBXContainerItemProxy */ = {
			isa = PBXContainerItemProxy;
			containerPortal = 7D2DECCE1F923023002C3AFB /* Project object */;
			proxyType = 1;
			remoteGlobalIDString = 7D2DECD51F923023002C3AFB;
			remoteInfo = "tic tac toe";
		};
/* End PBXContainerItemProxy section */

/* Begin PBXFileReference section */
		7D2DECD61F923023002C3AFB /* tic tac toe.app */ = {isa = PBXFileReference; explicitFileType = wrapper.application; includeInIndex = 0; path = "tic tac toe.app"; sourceTree = BUILT_PRODUCTS_DIR; };
		7D2DECD91F923023002C3AFB /* AppDelegate.swift */ = {isa = PBXFileReference; lastKnownFileType = sourcecode.swift; path = AppDelegate.swift; sourceTree = "<group>"; };
		7D2DECDB1F923023002C3AFB /* ViewController.swift */ = {isa = PBXFileReference; lastKnownFileType = sourcecode.swift; path = ViewController.swift; sourceTree = "<group>"; };
		7D2DECDE1F923023002C3AFB /* Base */ = {isa = PBXFileReference; lastKnownFileType = file.storyboard; name = Base; path = Base.lproj/Main.storyboard; sourceTree = "<group>"; };
		7D2DECE01F923023002C3AFB /* Assets.xcassets */ = {isa = PBXFileReference; lastKnownFileType = folder.assetcatalog; path = Assets.xcassets; sourceTree = "<group>"; };
		7D2DECE31F923023002C3AFB /* Base */ = {isa = PBXFileReference; lastKnownFileType = file.storyboard; name = Base; path = Base.lproj/LaunchScreen.storyboard; sourceTree = "<group>"; };
		7D2DECE51F923023002C3AFB /* Info.plist */ = {isa = PBXFileReference; lastKnownFileType = text.plist.xml; path = Info.plist; sourceTree = "<group>"; };
		7D2DECEA1F923023002C3AFB /* tic tac toeTests.xctest */ = {isa = PBXFileReference; explicitFileType = wrapper.cfbundle; includeInIndex = 0; path = "tic tac toeTests.xctest"; sourceTree = BUILT_PRODUCTS_DIR; };
		7D2DECEE1F923023002C3AFB /* tic_tac_toeTests.swift */ = {isa = PBXFileReference; lastKnownFileType = sourcecode.swift; path = tic_tac_toeTests.swift; sourceTree = "<group>"; };
		7D2DECF01F923023002C3AFB /* Info.plist */ = {isa = PBXFileReference; lastKnownFileType = text.plist.xml; path = Info.plist; sourceTree = "<group>"; };
		7D2DECF51F923023002C3AFB /* tic tac toeUITests.xctest */ = {isa = PBXFileReference; explicitFileType = wrapper.cfbundle; includeInIndex = 0; path = "tic tac toeUITests.xctest"; sourceTree = BUILT_PRODUCTS_DIR; };
		7D2DECF91F923023002C3AFB /* tic_tac_toeUITests.swift */ = {isa = PBXFileReference; lastKnownFileType = sourcecode.swift; path = tic_tac_toeUITests.swift; sourceTree = "<group>"; };
		7D2DECFB1F923023002C3AFB /* Info.plist */ = {isa = PBXFileReference; lastKnownFileType = text.plist.xml; path = Info.plist; sourceTree = "<group>"; };
/* End PBXFileReference section */

/* Begin PBXFrameworksBuildPhase section */
		7D2DECD31F923023002C3AFB /* Frameworks */ = {
			isa = PBXFrameworksBuildPhase;
			buildActionMask = 2147483647;
			files = (
			);
			runOnlyForDeploymentPostprocessing = 0;
		};
		7D2DECE71F923023002C3AFB /* Frameworks */ = {
			isa = PBXFrameworksBuildPhase;
			buildActionMask = 2147483647;
			files = (
			);
			runOnlyForDeploymentPostprocessing = 0;
		};
		7D2DECF21F923023002C3AFB /* Frameworks */ = {
			isa = PBXFrameworksBuildPhase;
			buildActionMask = 2147483647;
			files = (
			);
			runOnlyForDeploymentPostprocessing = 0;
		};
/* End PBXFrameworksBuildPhase section */

/* Begin PBXGroup section */
		7D2DECCD1F923023002C3AFB = {
			isa = PBXGroup;
			children = (
				7D2DECD81F923023002C3AFB /* tic tac toe */,
				7D2DECED1F923023002C3AFB /* tic tac toeTests */,
				7D2DECF81F923023002C3AFB /* tic tac toeUITests */,
				7D2DECD71F923023002C3AFB /* Products */,
			);
			sourceTree = "<group>";
		};
		7D2DECD71F923023002C3AFB /* Products */ = {
			isa = PBXGroup;
			children = (
				7D2DECD61F923023002C3AFB /* tic tac toe.app */,
				7D2DECEA1F923023002C3AFB /* tic tac toeTests.xctest */,
				7D2DECF51F923023002C3AFB /* tic tac toeUITests.xctest */,
			);
			name = Products;
			sourceTree = "<group>";
		};
		7D2DECD81F923023002C3AFB /* tic tac toe */ = {
			isa = PBXGroup;
			children = (
				7D2DECD91F923023002C3AFB /* AppDelegate.swift */,
				7D2DECDB1F923023002C3AFB /* ViewController.swift */,
				7D2DECDD1F923023002C3AFB /* Main.storyboard */,
				7D2DECE01F923023002C3AFB /* Assets.xcassets */,
				7D2DECE21F923023002C3AFB /* LaunchScreen.storyboard */,
				7D2DECE51F923023002C3AFB /* Info.plist */,
			);
			path = "tic tac toe";
			sourceTree = "<group>";
		};
		7D2DECED1F923023002C3AFB /* tic tac toeTests */ = {
			isa = PBXGroup;
			children = (
				7D2DECEE1F923023002C3AFB /* tic_tac_toeTests.swift */,
				7D2DECF01F923023002C3AFB /* Info.plist */,
			);
			path = "tic tac toeTests";
			sourceTree = "<group>";
		};
		7D2DECF81F923023002C3AFB /* tic tac toeUITests */ = {
			isa = PBXGroup;
			children = (
				7D2DECF91F923023002C3AFB /* tic_tac_toeUITests.swift */,
				7D2DECFB1F923023002C3AFB /* Info.plist */,
			);
			path = "tic tac toeUITests";
			sourceTree = "<group>";
		};
/* End PBXGroup section */

/* Begin PBXNativeTarget section */
		7D2DECD51F923023002C3AFB /* tic tac toe */ = {
			isa = PBXNativeTarget;
			buildConfigurationList = 7D2DECFE1F923023002C3AFB /* Build configuration list for PBXNativeTarget "tic tac toe" */;
			buildPhases = (
				7D2DECD21F923023002C3AFB /* Sources */,
				7D2DECD31F923023002C3AFB /* Frameworks */,
				7D2DECD41F923023002C3AFB /* Resources */,
			);
			buildRules = (
			);
			dependencies = (
			);
			name = "tic tac toe";
			productName = "tic tac toe";
			productReference = 7D2DECD61F923023002C3AFB /* tic tac toe.app */;
			productType = "com.apple.product-type.application";
		};
		7D2DECE91F923023002C3AFB /* tic tac toeTests */ = {
			isa = PBXNativeTarget;
			buildConfigurationList = 7D2DED011F923023002C3AFB /* Build configuration list for PBXNativeTarget "tic tac toeTests" */;
			buildPhases = (
				7D2DECE61F923023002C3AFB /* Sources */,
				7D2DECE71F923023002C3AFB /* Frameworks */,
				7D2DECE81F923023002C3AFB /* Resources */,
			);
			buildRules = (
			);
			dependencies = (
				7D2DECEC1F923023002C3AFB /* PBXTargetDependency */,
			);
			name = "tic tac toeTests";
			productName = "tic tac toeTests";
			productReference = 7D2DECEA1F923023002C3AFB /* tic tac toeTests.xctest */;
			productType = "com.apple.product-type.bundle.unit-test";
		};
		7D2DECF41F923023002C3AFB /* tic tac toeUITests */ = {
			isa = PBXNativeTarget;
			buildConfigurationList = 7D2DED041F923023002C3AFB /* Build configuration list for PBXNativeTarget "tic tac toeUITests" */;
			buildPhases = (
				7D2DECF11F923023002C3AFB /* Sources */,
				7D2DECF21F923023002C3AFB /* Frameworks */,
				7D2DECF31F923023002C3AFB /* Resources */,
			);
			buildRules = (
			);
			dependencies = (
				7D2DECF71F923023002C3AFB /* PBXTargetDependency */,
			);
			name = "tic tac toeUITests";
			productName = "tic tac toeUITests";
			productReference = 7D2DECF51F923023002C3AFB /* tic tac toeUITests.xctest */;
			productType = "com.apple.product-type.bundle.ui-testing";
		};
/* End PBXNativeTarget section */

/* Begin PBXProject section */
		7D2DECCE1F923023002C3AFB /* Project object */ = {
			isa = PBXProject;
			attributes = {
				LastSwiftUpdateCheck = 0830;
				LastUpgradeCheck = 0830;
				ORGANIZATIONNAME = "Akshay Sharma";
				TargetAttributes = {
					7D2DECD51F923023002C3AFB = {
						CreatedOnToolsVersion = 8.3.3;
						ProvisioningStyle = Automatic;
					};
					7D2DECE91F923023002C3AFB = {
						CreatedOnToolsVersion = 8.3.3;
						ProvisioningStyle = Automatic;
						TestTargetID = 7D2DECD51F923023002C3AFB;
					};
					7D2DECF41F923023002C3AFB = {
						CreatedOnToolsVersion = 8.3.3;
						ProvisioningStyle = Automatic;
						TestTargetID = 7D2DECD51F923023002C3AFB;
					};
				};
			};
			buildConfigurationList = 7D2DECD11F923023002C3AFB /* Build configuration list for PBXProject "tic tac toe" */;
			compatibilityVersion = "Xcode 3.2";
			developmentRegion = English;
			hasScannedForEncodings = 0;
			knownRegions = (
				en,
				Base,
			);
			mainGroup = 7D2DECCD1F923023002C3AFB;
			productRefGroup = 7D2DECD71F923023002C3AFB /* Products */;
			projectDirPath = "";
			projectRoot = "";
			targets = (
				7D2DECD51F923023002C3AFB /* tic tac toe */,
				7D2DECE91F923023002C3AFB /* tic tac toeTests */,
				7D2DECF41F923023002C3AFB /* tic tac toeUITests */,
			);
		};
/* End PBXProject section */

/* Begin PBXResourcesBuildPhase section */
		7D2DECD41F923023002C3AFB /* Resources */ = {
			isa = PBXResourcesBuildPhase;
			buildActionMask = 2147483647;
			files = (
				7D2DECE41F923023002C3AFB /* LaunchScreen.storyboard in Resources */,
				7D2DECE11F923023002C3AFB /* Assets.xcassets in Resources */,
				7D2DECDF1F923023002C3AFB /* Main.storyboard in Resources */,
			);
			runOnlyForDeploymentPostprocessing = 0;
		};
		7D2DECE81F923023002C3AFB /* Resources */ = {
			isa = PBXResourcesBuildPhase;
			buildActionMask = 2147483647;
			files = (
			);
			runOnlyForDeploymentPostprocessing = 0;
		};
		7D2DECF31F923023002C3AFB /* Resources */ = {
			isa = PBXResourcesBuildPhase;
			buildActionMask = 2147483647;
			files = (
			);
			runOnlyForDeploymentPostprocessing = 0;
		};
/* End PBXResourcesBuildPhase section */

/* Begin PBXSourcesBuildPhase section */
		7D2DECD21F923023002C3AFB /* Sources */ = {
			isa = PBXSourcesBuildPhase;
			buildActionMask = 2147483647;
			files = (
				7D2DECDC1F923023002C3AFB /* ViewController.swift in Sources */,
				7D2DECDA1F923023002C3AFB /* AppDelegate.swift in Sources */,
			);
			runOnlyForDeploymentPostprocessing = 0;
		};
		7D2DECE61F923023002C3AFB /* Sources */ = {
			isa = PBXSourcesBuildPhase;
			buildActionMask = 2147483647;
			files = (
				7D2DECEF1F923023002C3AFB /* tic_tac_toeTests.swift in Sources */,
			);
			runOnlyForDeploymentPostprocessing = 0;
		};
		7D2DECF11F923023002C3AFB /* Sources */ = {
			isa = PBXSourcesBuildPhase;
			buildActionMask = 2147483647;
			files = (
				7D2DECFA1F923023002C3AFB /* tic_tac_toeUITests.swift in Sources */,
			);
			runOnlyForDeploymentPostprocessing = 0;
		};
/* End PBXSourcesBuildPhase section */

/* Begin PBXTargetDependency section */
		7D2DECEC1F923023002C3AFB /* PBXTargetDependency */ = {
			isa = PBXTargetDependency;
			target = 7D2DECD51F923023002C3AFB /* tic tac toe */;
			targetProxy = 7D2DECEB1F923023002C3AFB /* PBXContainerItemProxy */;
		};
		7D2DECF71F923023002C3AFB /* PBXTargetDependency */ = {
			isa = PBXTargetDependency;
			target = 7D2DECD51F923023002C3AFB /* tic tac toe */;
			targetProxy = 7D2DECF61F923023002C3AFB /* PBXContainerItemProxy */;
		};
/* End PBXTargetDependency section */

/* Begin PBXVariantGroup section */
		7D2DECDD1F923023002C3AFB /* Main.storyboard */ = {
			isa = PBXVariantGroup;
			children = (
				7D2DECDE1F923023002C3AFB /* Base */,
			);
			name = Main.storyboard;
			sourceTree = "<group>";
		};
		7D2DECE21F923023002C3AFB /* LaunchScreen.storyboard */ = {
			isa = PBXVariantGroup;
			children = (
				7D2DECE31F923023002C3AFB /* Base */,
			);
			name = LaunchScreen.storyboard;
			sourceTree = "<group>";
		};
/* End PBXVariantGroup section */

/* Begin XCBuildConfiguration section */
		7D2DECFC1F923023002C3AFB /* Debug */ = {
			isa = XCBuildConfiguration;
			buildSettings = {
				ALWAYS_SEARCH_USER_PATHS = NO;
				CLANG_ANALYZER_NONNULL = YES;
				CLANG_ANALYZER_NUMBER_OBJECT_CONVERSION = YES_AGGRESSIVE;
				CLANG_CXX_LANGUAGE_STANDARD = "gnu++0x";
				CLANG_CXX_LIBRARY = "libc++";
				CLANG_ENABLE_MODULES = YES;
				CLANG_ENABLE_OBJC_ARC = YES;
				CLANG_WARN_BOOL_CONVERSION = YES;
				CLANG_WARN_CONSTANT_CONVERSION = YES;
				CLANG_WARN_DIRECT_OBJC_ISA_USAGE = YES_ERROR;
				CLANG_WARN_DOCUMENTATION_COMMENTS = YES;
				CLANG_WARN_EMPTY_BODY = YES;
				CLANG_WARN_ENUM_CONVERSION = YES;
				CLANG_WARN_INFINITE_RECURSION = YES;
				CLANG_WARN_INT_CONVERSION = YES;
				CLANG_WARN_OBJC_ROOT_CLASS = YES_ERROR;
				CLANG_WARN_SUSPICIOUS_MOVE = YES;
				CLANG_WARN_UNREACHABLE_CODE = YES;
				CLANG_WARN__DUPLICATE_METHOD_MATCH = YES;
				"CODE_SIGN_IDENTITY[sdk=iphoneos*]" = "iPhone Developer";
				COPY_PHASE_STRIP = NO;
				DEBUG_INFORMATION_FORMAT = dwarf;
				ENABLE_STRICT_OBJC_MSGSEND = YES;
				ENABLE_TESTABILITY = YES;
				GCC_C_LANGUAGE_STANDARD = gnu99;
				GCC_DYNAMIC_NO_PIC = NO;
				GCC_NO_COMMON_BLOCKS = YES;
				GCC_OPTIMIZATION_LEVEL = 0;
				GCC_PREPROCESSOR_DEFINITIONS = (
					"DEBUG=1",
					"$(inherited)",
				);
				GCC_WARN_64_TO_32_BIT_CONVERSION = YES;
				GCC_WARN_ABOUT_RETURN_TYPE = YES_ERROR;
				GCC_WARN_UNDECLARED_SELECTOR = YES;
				GCC_WARN_UNINITIALIZED_AUTOS = YES_AGGRESSIVE;
				GCC_WARN_UNUSED_FUNCTION = YES;
				GCC_WARN_UNUSED_VARIABLE = YES;
				IPHONEOS_DEPLOYMENT_TARGET = 10.3;
				MTL_ENABLE_DEBUG_INFO = YES;
				ONLY_ACTIVE_ARCH = YES;
				SDKROOT = iphoneos;
				SWIFT_ACTIVE_COMPILATION_CONDITIONS = DEBUG;
				SWIFT_OPTIMIZATION_LEVEL = "-Onone";
				TARGETED_DEVICE_FAMILY = "1,2";
			};
			name = Debug;
		};
		7D2DECFD1F923023002C3AFB /* Release */ = {
			isa = XCBuildConfiguration;
			buildSettings = {
				ALWAYS_SEARCH_USER_PATHS = NO;
				CLANG_ANALYZER_NONNULL = YES;
				CLANG_ANALYZER_NUMBER_OBJECT_CONVERSION = YES_AGGRESSIVE;
				CLANG_CXX_LANGUAGE_STANDARD = "gnu++0x";
				CLANG_CXX_LIBRARY = "libc++";
				CLANG_ENABLE_MODULES = YES;
				CLANG_ENABLE_OBJC_ARC = YES;
				CLANG_WARN_BOOL_CONVERSION = YES;
				CLANG_WARN_CONSTANT_CONVERSION = YES;
				CLANG_WARN_DIRECT_OBJC_ISA_USAGE = YES_ERROR;
				CLANG_WARN_DOCUMENTATION_COMMENTS = YES;
				CLANG_WARN_EMPTY_BODY = YES;
				CLANG_WARN_ENUM_CONVERSION = YES;
				CLANG_WARN_INFINITE_RECURSION = YES;
				CLANG_WARN_INT_CONVERSION = YES;
				CLANG_WARN_OBJC_ROOT_CLASS = YES_ERROR;
				CLANG_WARN_SUSPICIOUS_MOVE = YES;
				CLANG_WARN_UNREACHABLE_CODE = YES;
				CLANG_WARN__DUPLICATE_METHOD_MATCH = YES;
				"CODE_SIGN_IDENTITY[sdk=iphoneos*]" = "iPhone Developer";
				COPY_PHASE_STRIP = NO;
				DEBUG_INFORMATION_FORMAT = "dwarf-with-dsym";
				ENABLE_NS_ASSERTIONS = NO;
				ENABLE_STRICT_OBJC_MSGSEND = YES;
				GCC_C_LANGUAGE_STANDARD = gnu99;
				GCC_NO_COMMON_BLOCKS = YES;
				GCC_WARN_64_TO_32_BIT_CONVERSION = YES;
				GCC_WARN_ABOUT_RETURN_TYPE = YES_ERROR;
				GCC_WARN_UNDECLARED_SELECTOR = YES;
				GCC_WARN_UNINITIALIZED_AUTOS = YES_AGGRESSIVE;
				GCC_WARN_UNUSED_FUNCTION = YES;
				GCC_WARN_UNUSED_VARIABLE = YES;
				IPHONEOS_DEPLOYMENT_TARGET = 10.3;
				MTL_ENABLE_DEBUG_INFO = NO;
				SDKROOT = iphoneos;
				SWIFT_OPTIMIZATION_LEVEL = "-Owholemodule";
				TARGETED_DEVICE_FAMILY = "1,2";
				VALIDATE_PRODUCT = YES;
			};
			name = Release;
		};
		7D2DECFF1F923023002C3AFB /* Debug */ = {
			isa = XCBuildConfiguration;
			buildSettings = {
				ASSETCATALOG_COMPILER_APPICON_NAME = AppIcon;
				INFOPLIST_FILE = "tic tac toe/Info.plist";
				LD_RUNPATH_SEARCH_PATHS = "$(inherited) @executable_path/Frameworks";
				PRODUCT_BUNDLE_IDENTIFIER = "com.tic-tac-toe";
				PRODUCT_NAME = "$(TARGET_NAME)";
				SWIFT_VERSION = 3.0;
			};
			name = Debug;
		};
		7D2DED001F923023002C3AFB /* Release */ = {
			isa = XCBuildConfiguration;
			buildSettings = {
				ASSETCATALOG_COMPILER_APPICON_NAME = AppIcon;
				INFOPLIST_FILE = "tic tac toe/Info.plist";
				LD_RUNPATH_SEARCH_PATHS = "$(inherited) @executable_path/Frameworks";
				PRODUCT_BUNDLE_IDENTIFIER = "com.tic-tac-toe";
				PRODUCT_NAME = "$(TARGET_NAME)";
				SWIFT_VERSION = 3.0;
			};
			name = Release;
		};
		7D2DED021F923023002C3AFB /* Debug */ = {
			isa = XCBuildConfiguration;
			buildSettings = {
				ALWAYS_EMBED_SWIFT_STANDARD_LIBRARIES = YES;
				BUNDLE_LOADER = "$(TEST_HOST)";
				INFOPLIST_FILE = "tic tac toeTests/Info.plist";
				LD_RUNPATH_SEARCH_PATHS = "$(inherited) @executable_path/Frameworks @loader_path/Frameworks";
				PRODUCT_BUNDLE_IDENTIFIER = "com.tic-tac-toeTests";
				PRODUCT_NAME = "$(TARGET_NAME)";
				SWIFT_VERSION = 3.0;
				TEST_HOST = "$(BUILT_PRODUCTS_DIR)/tic tac toe.app/tic tac toe";
			};
			name = Debug;
		};
		7D2DED031F923023002C3AFB /* Release */ = {
			isa = XCBuildConfiguration;
			buildSettings = {
				ALWAYS_EMBED_SWIFT_STANDARD_LIBRARIES = YES;
				BUNDLE_LOADER = "$(TEST_HOST)";
				INFOPLIST_FILE = "tic tac toeTests/Info.plist";
				LD_RUNPATH_SEARCH_PATHS = "$(inherited) @executable_path/Frameworks @loader_path/Frameworks";
				PRODUCT_BUNDLE_IDENTIFIER = "com.tic-tac-toeTests";
				PRODUCT_NAME = "$(TARGET_NAME)";
				SWIFT_VERSION = 3.0;
				TEST_HOST = "$(BUILT_PRODUCTS_DIR)/tic tac toe.app/tic tac toe";
			};
			name = Release;
		};
		7D2DED051F923023002C3AFB /* Debug */ = {
			isa = XCBuildConfiguration;
			buildSettings = {
				ALWAYS_EMBED_SWIFT_STANDARD_LIBRARIES = YES;
				INFOPLIST_FILE = "tic tac toeUITests/Info.plist";
				LD_RUNPATH_SEARCH_PATHS = "$(inherited) @executable_path/Frameworks @loader_path/Frameworks";
				PRODUCT_BUNDLE_IDENTIFIER = "com.tic-tac-toeUITests";
				PRODUCT_NAME = "$(TARGET_NAME)";
				SWIFT_VERSION = 3.0;
				TEST_TARGET_NAME = "tic tac toe";
			};
			name = Debug;
		};
		7D2DED061F923023002C3AFB /* Release */ = {
			isa = XCBuildConfiguration;
			buildSettings = {
				ALWAYS_EMBED_SWIFT_STANDARD_LIBRARIES = YES;
				INFOPLIST_FILE = "tic tac toeUITests/Info.plist";
				LD_RUNPATH_SEARCH_PATHS = "$(inherited) @executable_path/Frameworks @loader_path/Frameworks";
				PRODUCT_BUNDLE_IDENTIFIER = "com.tic-tac-toeUITests";
				PRODUCT_NAME = "$(TARGET_NAME)";
				SWIFT_VERSION = 3.0;
				TEST_TARGET_NAME = "tic tac toe";
			};
			name = Release;
		};
/* End XCBuildConfiguration section */

/* Begin XCConfigurationList section */
		7D2DECD11F923023002C3AFB /* Build configuration list for PBXProject "tic tac toe" */ = {
			isa = XCConfigurationList;
			buildConfigurations = (
				7D2DECFC1F923023002C3AFB /* Debug */,
				7D2DECFD1F923023002C3AFB /* Release */,
			);
			defaultConfigurationIsVisible = 0;
			defaultConfigurationName = Release;
		};
		7D2DECFE1F923023002C3AFB /* Build configuration list for PBXNativeTarget "tic tac toe" */ = {
			isa = XCConfigurationList;
			buildConfigurations = (
				7D2DECFF1F923023002C3AFB /* Debug */,
				7D2DED001F923023002C3AFB /* Release */,
			);
			defaultConfigurationIsVisible = 0;
		};
		7D2DED011F923023002C3AFB /* Build configuration list for PBXNativeTarget "tic tac toeTests" */ = {
			isa = XCConfigurationList;
			buildConfigurations = (
				7D2DED021F923023002C3AFB /* Debug */,
				7D2DED031F923023002C3AFB /* Release */,
			);
			defaultConfigurationIsVisible = 0;
		};
		7D2DED041F923023002C3AFB /* Build configuration list for PBXNativeTarget "tic tac toeUITests" */ = {
			isa = XCConfigurationList;
			buildConfigurations = (
				7D2DED051F923023002C3AFB /* Debug */,
				7D2DED061F923023002C3AFB /* Release */,
			);
			defaultConfigurationIsVisible = 0;
		};
/* End XCConfigurationList section */
	};
	rootObject = 7D2DECCE1F923023002C3AFB /* Project object */;
}
